
Microsoft Visual Studio Solution File, Format Version 12.00
# Visual Studio Version 16
VisualStudioVersion = 16.0.30621.155
MinimumVisualStudioVersion = 10.0.40219.1
Project("{FAE04EC0-301F-11D3-BF4B-00C04F79EFBC}") = "domashna_football_2201561029", "domashna_football_2201561029\domashna_football_2201561029.csproj", "{39506894-1DFF-41A2-B06B-8B0FBB655672}"
EndProject
Global
	GlobalSection(SolutionConfigurationPlatforms) = preSolution
		Debug|Any CPU = Debug|Any CPU
		Release|Any CPU = Release|Any CPU
	EndGlobalSection
	GlobalSection(ProjectConfigurationPlatforms) = postSolution
		{39506894-1DFF-41A2-B06B-8B0FBB655672}.Debug|Any CPU.ActiveCfg = Debug|Any CPU
		{39506894-1DFF-41A2-B06B-8B0FBB655672}.Debug|Any CPU.Build.0 = Debug|Any CPU
		{39506894-1DFF-41A2-B06B-8B0FBB655672}.Release|Any CPU.ActiveCfg = Release|Any CPU
		{39506894-1DFF-41A2-B06B-8B0FBB655672}.Release|Any CPU.Build.0 = Release|Any CPU
	EndGlobalSection
	GlobalSection(SolutionProperties) = preSolution
		HideSolutionNode = FALSE
	EndGlobalSection
	GlobalSection(ExtensibilityGlobals) = postSolution
		SolutionGuid = {D7C9FB92-F8C7-495B-82BA-456BE1BB25F7}
	EndGlobalSection
EndGlobal
